
Microsoft Visual Studio Solution File, Format Version 12.00
# Visual Studio Version 16
VisualStudioVersion = 16.0.31205.134
MinimumVisualStudioVersion = 10.0.40219.1
Project("{FAE04EC0-301F-11D3-BF4B-00C04F79EFBC}") = "StuffRepository", "StuffRepository\StuffRepository.csproj", "{041552F9-A1E7-40B8-B495-DA8742F6EA02}"
EndProject
Global
	GlobalSection(SolutionConfigurationPlatforms) = preSolution
		Debug|Any CPU = Debug|Any CPU
		Release|Any CPU = Release|Any CPU
	EndGlobalSection
	GlobalSection(ProjectConfigurationPlatforms) = postSolution
		{041552F9-A1E7-40B8-B495-DA8742F6EA02}.Debug|Any CPU.ActiveCfg = Debug|Any CPU
		{041552F9-A1E7-40B8-B495-DA8742F6EA02}.Debug|Any CPU.Build.0 = Debug|Any CPU
		{041552F9-A1E7-40B8-B495-DA8742F6EA02}.Release|Any CPU.ActiveCfg = Release|Any CPU
		{041552F9-A1E7-40B8-B495-DA8742F6EA02}.Release|Any CPU.Build.0 = Release|Any CPU
	EndGlobalSection
	GlobalSection(SolutionProperties) = preSolution
		HideSolutionNode = FALSE
	EndGlobalSection
	GlobalSection(ExtensibilityGlobals) = postSolution
		SolutionGuid = {AB34FB8A-ED0F-444D-8F21-E688FC7963B1}
	EndGlobalSection
EndGlobal
